PODS:
  - AFNetworking (2.6.1):
    - AFNetworking/NSURLConnection (= 2.6.1)
    - AFNetworking/NSURLSession (= 2.6.1)
    - AFNetworking/Reachability (= 2.6.1)
    - AFNetworking/Security (= 2.6.1)
    - AFNetworking/Serialization (= 2.6.1)
    - AFNetworking/UIKit (= 2.6.1)
  - AFNetworking/NSURLConnection (2.6.1):
    - AFNetworking/Reachability
    - AFNetworking/Security
    - AFNetworking/Serialization
  - AFNetworking/NSURLSession (2.6.1):
    - AFNetworking/Reachability
    - AFNetworking/Security
    - AFNetworking/Serialization
  - AFNetworking/Reachability (2.6.1)
  - AFNetworking/Security (2.6.1)
  - AFNetworking/Serialization (2.6.1)
  - AFNetworking/UIKit (2.6.1):
    - AFNetworking/NSURLConnection
    - AFNetworking/NSURLSession
  - Crashlytics (3.7.0):
    - Fabric (~> 1.6.3)
  - Fabric (1.6.6)
  - Firebase (2.5.1)
  - JSQMessagesViewController (7.2.0):
    - JSQSystemSoundPlayer (~> 2.0.1)
  - JSQSystemSoundPlayer (2.0.1)
  - KYDrawerController (1.1.2)
  - Meyasubaco (0.5.3):
    - AFNetworking (= 2.6.1)
  - NCMB (2.2.6)
  - NendSDK_iOS (3.0.3)
  - OneSignal (1.11.0)
  - Toast-Swift (1.0.0)

DEPENDENCIES:
  - Crashlytics
  - Fabric
  - Firebase
  - JSQMessagesViewController
  - KYDrawerController
  - Meyasubaco
  - NCMB (from `https://github.com/NIFTYCloud-mbaas/ncmb_ios.git`)
  - NendSDK_iOS
  - OneSignal
  - Toast-Swift (from `https://github.com/sc0rch/Toast-Swift`)

EXTERNAL SOURCES:
  NCMB:
    :git: https://github.com/NIFTYCloud-mbaas/ncmb_ios.git
  Toast-Swift:
    :git: https://github.com/sc0rch/Toast-Swift

CHECKOUT OPTIONS:
  NCMB:
    :commit: d542bfb613dc411f1654bafcb67238dc09f91936
    :git: https://github.com/NIFTYCloud-mbaas/ncmb_ios.git
  Toast-Swift:
    :commit: c4d4446b590fe466820b4fb5e68175c83f0c69d3
    :git: https://github.com/sc0rch/Toast-Swift

SPEC CHECKSUMS:
  AFNetworking: 8e4e60500beb8bec644cf575beee72990a76d399
  Crashlytics: c3a2333dea9e2733d2777f730910321fc9e25c0d
  Fabric: 1abc1e59f11fa39ede6f690ef7309d8563e3ec59
  Firebase: 3565ea88b830f28f2c77ecc524622bc71a20d085
  JSQMessagesViewController: 73cab48aa92fc2d512f3b6724f3425cc47a19eb5
  JSQSystemSoundPlayer: c5850e77a4363ffd374cd851154b9af93264ed8d
  KYDrawerController: 222c4d07ed09fa7842011d36d73e3599dcbccab3
  Meyasubaco: 9128ab6311a6c1f2d0a86be89964859c1b0104cb
  NCMB: f8bfbf8dc6d945f9ba073f9f2ae81fce601a8f25
  NendSDK_iOS: c1440bb15197139473d47a1541a6f9368bc71583
  OneSignal: 85d4e842b26d1a6492efa9c3ecf3b38151339f8e
  Toast-Swift: 709908e9f9a96dfd72438f9301ae28e3e98c16bb

COCOAPODS: 0.39.0
